<?xml version="1.0" encoding="utf-8"?>
<Project ToolsVersion="4.0" xmlns="http://schemas.microsoft.com/developer/msbuild/2003">
  <ItemGroup>
    <Filter Include="Source Files">
      <UniqueIdentifier>{4FC737F1-C7A5-4376-A066-2A32D752A2FF}</UniqueIdentifier>
      <Extensions>cpp;c;cc;cxx;def;odl;idl;hpj;bat;asm;asmx</Extensions>
    </Filter>
    <Filter Include="Header Files">
      <UniqueIdentifier>{93995380-89BD-4b04-88EB-625FBE52EBFB}</UniqueIdentifier>
      <Extensions>h;hpp;hxx;hm;inl;inc;xsd</Extensions>
    </Filter>
    <Filter Include="Resource Files">
      <UniqueIdentifier>{67DA6AB6-F800-4c08-8B7A-83BB121AAD01}</UniqueIdentifier>
      <Extensions>rc;ico;cur;bmp;dlg;rc2;rct;bin;rgs;gif;jpg;jpeg;jpe;resx;tiff;tif;png;wav;mfcribbon-ms</Extensions>
    </Filter>
  </ItemGroup>
  <ItemGroup>
    <ClInclude Include="DataIO\DataType.h">
      <Filter>Header Files</Filter>
    </ClInclude>
    <ClInclude Include="DataIO\VolumeIO\VolumeTransformer.h">
      <Filter>Header Files</Filter>
    </ClInclude>
    <ClInclude Include="Core\DetectEnv.h">
      <Filter>Header Files</Filter>
    </ClInclude>
    <ClInclude Include="DataIO\VolumeIO\FileBasedVolume.h">
      <Filter>Header Files</Filter>
    </ClInclude>
    <ClInclude Include="Core\IO\FileTools.h">
      <Filter>Header Files</Filter>
    </ClInclude>
    <ClInclude Include="DataIO\VolumeIO\HVSTFMapper.h">
      <Filter>Header Files</Filter>
    </ClInclude>
    <ClInclude Include="DataIO\VolumeIO\IV3DTFMapper.h">
      <Filter>Header Files</Filter>
    </ClInclude>
    <ClInclude Include="Core\IO\KeyValueFileParser.h">
      <Filter>Header Files</Filter>
    </ClInclude>
    <ClInclude Include="DataIO\License.h">
      <Filter>Header Files</Filter>
    </ClInclude>
    <ClInclude Include="DataIO\VolumeIO\Mapper.h">
      <Filter>Header Files</Filter>
    </ClInclude>
    <ClInclude Include="Core\IO\MD5.h">
      <Filter>Header Files</Filter>
    </ClInclude>
    <ClInclude Include="Core\IO\MemMappedFile.h">
      <Filter>Header Files</Filter>
    </ClInclude>
    <ClInclude Include="DataIO\VolumeIO\MemVolume.h">
      <Filter>Header Files</Filter>
    </ClInclude>
    <ClInclude Include="Core\Time\MessageTimer.h">
      <Filter>Header Files</Filter>
    </ClInclude>
    <ClInclude Include="DataIO\Metadata.h">
      <Filter>Header Files</Filter>
    </ClInclude>
    <ClInclude Include="DataIO\VolumeIO\QVisVolume.h">
      <Filter>Header Files</Filter>
    </ClInclude>
    <ClInclude Include="DataIO\VolumeIO\QVisVolumeMetadata.h">
      <Filter>Header Files</Filter>
    </ClInclude>
    <ClInclude Include="DataIO\VolumeIO\RawVolume.h">
      <Filter>Header Files</Filter>
    </ClInclude>
    <ClInclude Include="DataIO\VolumeIO\ResizeParams.h">
      <Filter>Header Files</Filter>
    </ClInclude>
    <ClInclude Include="SilverBulletBase.h">
      <Filter>Header Files</Filter>
    </ClInclude>
    <ClInclude Include="Core\Streamable.h">
      <Filter>Header Files</Filter>
    </ClInclude>
    <ClInclude Include="Core\StringTools.h">
      <Filter>Header Files</Filter>
    </ClInclude>
    <ClInclude Include="DataIO\VolumeIO\TextfileTFMapper.h">
      <Filter>Header Files</Filter>
    </ClInclude>
    <ClInclude Include="Core\Time\Timer.h">
      <Filter>Header Files</Filter>
    </ClInclude>
    <ClInclude Include="Core\Math\Vectors.h">
      <Filter>Header Files</Filter>
    </ClInclude>
    <ClInclude Include="DataIO\VolumeIO\Volume.h">
      <Filter>Header Files</Filter>
    </ClInclude>
    <ClInclude Include="DataIO\VolumeIO\VolumeError.h">
      <Filter>Header Files</Filter>
    </ClInclude>
    <ClInclude Include="DataIO\VolumeIO\VolumeMetadata.h">
      <Filter>Header Files</Filter>
    </ClInclude>
    <ClInclude Include="DataIO\VolumeIO\VolumeProcessor.h">
      <Filter>Header Files</Filter>
    </ClInclude>
  </ItemGroup>
  <ItemGroup>
    <ClCompile Include="DataIO\DataType.cpp">
      <Filter>Source Files</Filter>
    </ClCompile>
    <ClCompile Include="DataIO\VolumeIO\VolumeTransformer.cpp">
      <Filter>Source Files</Filter>
    </ClCompile>
    <ClCompile Include="DataIO\VolumeIO\FileBasedVolume.cpp">
      <Filter>Source Files</Filter>
    </ClCompile>
    <ClCompile Include="Core\IO\FileTools.cpp">
      <Filter>Source Files</Filter>
    </ClCompile>
    <ClCompile Include="Core\IO\KeyValueFileParser.cpp">
      <Filter>Source Files</Filter>
    </ClCompile>
    <ClCompile Include="DataIO\License.cpp">
      <Filter>Source Files</Filter>
    </ClCompile>
    <ClCompile Include="Core\IO\MD5.cpp">
      <Filter>Source Files</Filter>
    </ClCompile>
    <ClCompile Include="Core\IO\MemMappedFile.cpp">
      <Filter>Source Files</Filter>
    </ClCompile>
    <ClCompile Include="DataIO\VolumeIO\MemVolume.cpp">
      <Filter>Source Files</Filter>
    </ClCompile>
    <ClCompile Include="Core\Time\MessageTimer.cpp">
      <Filter>Source Files</Filter>
    </ClCompile>
    <ClCompile Include="DataIO\Metadata.cpp">
      <Filter>Source Files</Filter>
    </ClCompile>
    <ClCompile Include="DataIO\VolumeIO\QVisVolume.cpp">
      <Filter>Source Files</Filter>
    </ClCompile>
    <ClCompile Include="DataIO\VolumeIO\QVisVolumeMetadata.cpp">
      <Filter>Source Files</Filter>
    </ClCompile>
    <ClCompile Include="DataIO\VolumeIO\RawVolume.cpp">
      <Filter>Source Files</Filter>
    </ClCompile>
    <ClCompile Include="DataIO\VolumeIO\ResizeParams.cpp">
      <Filter>Source Files</Filter>
    </ClCompile>
    <ClCompile Include="Core\StringTools.cpp">
      <Filter>Source Files</Filter>
    </ClCompile>
    <ClCompile Include="Core\Time\Timer.cpp">
      <Filter>Source Files</Filter>
    </ClCompile>
    <ClCompile Include="DataIO\VolumeIO\Volume.cpp">
      <Filter>Source Files</Filter>
    </ClCompile>
    <ClCompile Include="DataIO\VolumeIO\VolumeMetadata.cpp">
      <Filter>Source Files</Filter>
    </ClCompile>
    <ClCompile Include="DataIO\VolumeIO\VolumeProcessor.cpp">
      <Filter>Source Files</Filter>
    </ClCompile>
  </ItemGroup>
</Project>